{
  "name": "node-module-resolution",
  "version": "1.0.0",
  "lockfileVersion": 3,
  "requires": true,
  "packages": {
    "": {
      "name": "node-module-resolution",
      "version": "1.0.0",
      "license": "ISC",
      "dependencies": {
        "acorn": "^8.11.3"
      }
    },
    "node_modules/acorn": {
      "version": "8.12.0",
      "resolved": "https://registry.npmjs.org/acorn/-/acorn-8.12.0.tgz",
      "integrity": "sha512-RTvkC4w+KNXrM39/lWCUaG0IbRkWdCv7W/IOW9oU6SawyxulvkQy5HQPVTKxEjczcUvapcrw3cFx/60VN/NRNw==",
      "bin": {
        "acorn": "bin/acorn"
      },
      "engines": {
        "node": ">=0.4.0"
      }
    }
  }
}
